{
  "name": "yemaoQQBot",
  "lockfileVersion": 2,
  "requires": true,
  "packages": {
    "": {
      "dependencies": {
        "typescript": "^4.9.5"
      },
      "devDependencies": {
        "@types/node": "^18.14.0"
      }
    },
    "node_modules/@types/node": {
      "version": "18.14.0",
      "resolved": "http://artifactory.orionhealth.global:80/artifactory/api/npm/orion-virtual-npm/@types/node/-/node-18.14.0.tgz",
      "integrity": "sha1-lMR7khe7rEnUpnqWf9ze7Ynrt9A=",
      "dev": true,
      "license": "MIT"
    },
    "node_modules/typescript": {
      "version": "4.9.5",
      "resolved": "http://artifactory.orionhealth.global:80/artifactory/api/npm/orion-virtual-npm/typescript/-/typescript-4.9.5.tgz",
      "integrity": "sha1-CVl5+bzA0J2jJNWNA86Pg3TL5lo=",
      "license": "Apache-2.0",
      "bin": {
        "tsc": "bin/tsc",
        "tsserver": "bin/tsserver"
      },
      "engines": {
        "node": ">=4.2.0"
      }
    }
  },
  "dependencies": {
    "@types/node": {
      "version": "18.14.0",
      "resolved": "http://artifactory.orionhealth.global:80/artifactory/api/npm/orion-virtual-npm/@types/node/-/node-18.14.0.tgz",
      "integrity": "sha1-lMR7khe7rEnUpnqWf9ze7Ynrt9A=",
      "dev": true
    },
    "typescript": {
      "version": "4.9.5",
      "resolved": "http://artifactory.orionhealth.global:80/artifactory/api/npm/orion-virtual-npm/typescript/-/typescript-4.9.5.tgz",
      "integrity": "sha1-CVl5+bzA0J2jJNWNA86Pg3TL5lo="
    }
  }
}
